
Microsoft Visual Studio Solution File, Format Version 12.00
# Visual Studio Version 16
VisualStudioVersion = 16.0.29613.14
MinimumVisualStudioVersion = 10.0.40219.1
Project("{FAE04EC0-301F-11D3-BF4B-00C04F79EFBC}") = "PromoEngine.App", "PromoEngine.App\PromoEngine.App.csproj", "{9A007398-D970-45DA-BC9C-0E48B654D31C}"
EndProject
Project("{FAE04EC0-301F-11D3-BF4B-00C04F79EFBC}") = "PromoEngine.Tests", "PromoEngine.Tests\PromoEngine.Tests.csproj", "{6C2F8219-BA83-443B-97DA-2E00F578C571}"
EndProject
Global
	GlobalSection(SolutionConfigurationPlatforms) = preSolution
		Debug|Any CPU = Debug|Any CPU
		Release|Any CPU = Release|Any CPU
	EndGlobalSection
	GlobalSection(ProjectConfigurationPlatforms) = postSolution
		{9A007398-D970-45DA-BC9C-0E48B654D31C}.Debug|Any CPU.ActiveCfg = Debug|Any CPU
		{9A007398-D970-45DA-BC9C-0E48B654D31C}.Debug|Any CPU.Build.0 = Debug|Any CPU
		{9A007398-D970-45DA-BC9C-0E48B654D31C}.Release|Any CPU.ActiveCfg = Release|Any CPU
		{9A007398-D970-45DA-BC9C-0E48B654D31C}.Release|Any CPU.Build.0 = Release|Any CPU
		{6C2F8219-BA83-443B-97DA-2E00F578C571}.Debug|Any CPU.ActiveCfg = Debug|Any CPU
		{6C2F8219-BA83-443B-97DA-2E00F578C571}.Debug|Any CPU.Build.0 = Debug|Any CPU
		{6C2F8219-BA83-443B-97DA-2E00F578C571}.Release|Any CPU.ActiveCfg = Release|Any CPU
		{6C2F8219-BA83-443B-97DA-2E00F578C571}.Release|Any CPU.Build.0 = Release|Any CPU
	EndGlobalSection
	GlobalSection(SolutionProperties) = preSolution
		HideSolutionNode = FALSE
	EndGlobalSection
	GlobalSection(ExtensibilityGlobals) = postSolution
		SolutionGuid = {0538B8A0-D7FF-4022-9E53-D5F6D0A89A52}
	EndGlobalSection
EndGlobal
